
Microsoft Visual Studio Solution File, Format Version 12.00
# Visual Studio 15
VisualStudioVersion = 15.0.27428.2037
MinimumVisualStudioVersion = 10.0.40219.1
Project("{8BC9CEB8-8B4A-11D0-8D11-00A0C91BC942}") = "BigNumbersStaticLibrary", "BigNumbersStaticLibrary\BigNumbersStaticLibrary.vcxproj", "{B74D55A9-C8D8-4D2B-95BF-7B09A27C3800}"
EndProject
Global
	GlobalSection(SolutionConfigurationPlatforms) = preSolution
		Debug|x64 = Debug|x64
		Debug|x86 = Debug|x86
		Release|x64 = Release|x64
		Release|x86 = Release|x86
	EndGlobalSection
	GlobalSection(ProjectConfigurationPlatforms) = postSolution
		{B74D55A9-C8D8-4D2B-95BF-7B09A27C3800}.Debug|x64.ActiveCfg = Debug|x64
		{B74D55A9-C8D8-4D2B-95BF-7B09A27C3800}.Debug|x64.Build.0 = Debug|x64
		{B74D55A9-C8D8-4D2B-95BF-7B09A27C3800}.Debug|x86.ActiveCfg = Debug|Win32
		{B74D55A9-C8D8-4D2B-95BF-7B09A27C3800}.Debug|x86.Build.0 = Debug|Win32
		{B74D55A9-C8D8-4D2B-95BF-7B09A27C3800}.Release|x64.ActiveCfg = Release|x64
		{B74D55A9-C8D8-4D2B-95BF-7B09A27C3800}.Release|x64.Build.0 = Release|x64
		{B74D55A9-C8D8-4D2B-95BF-7B09A27C3800}.Release|x86.ActiveCfg = Release|Win32
		{B74D55A9-C8D8-4D2B-95BF-7B09A27C3800}.Release|x86.Build.0 = Release|Win32
	EndGlobalSection
	GlobalSection(SolutionProperties) = preSolution
		HideSolutionNode = FALSE
	EndGlobalSection
	GlobalSection(ExtensibilityGlobals) = postSolution
		SolutionGuid = {A820A5BB-9443-4408-9689-6BD7E9331BA0}
	EndGlobalSection
EndGlobal
