
Microsoft Visual Studio Solution File, Format Version 12.00
# Visual Studio 15
VisualStudioVersion = 15.0.27703.2018
MinimumVisualStudioVersion = 10.0.40219.1
Project("{8BC9CEB8-8B4A-11D0-8D11-00A0C91BC942}") = "BigNumberDynamicLibrary", "BigNumberDynamicLibrary\BigNumberDynamicLibrary.vcxproj", "{47C1C09E-C78B-43B4-B05F-0C50B7A35965}"
EndProject
Global
	GlobalSection(SolutionConfigurationPlatforms) = preSolution
		Debug|x64 = Debug|x64
		Debug|x86 = Debug|x86
		Release|x64 = Release|x64
		Release|x86 = Release|x86
	EndGlobalSection
	GlobalSection(ProjectConfigurationPlatforms) = postSolution
		{47C1C09E-C78B-43B4-B05F-0C50B7A35965}.Debug|x64.ActiveCfg = Debug|x64
		{47C1C09E-C78B-43B4-B05F-0C50B7A35965}.Debug|x64.Build.0 = Debug|x64
		{47C1C09E-C78B-43B4-B05F-0C50B7A35965}.Debug|x86.ActiveCfg = Debug|Win32
		{47C1C09E-C78B-43B4-B05F-0C50B7A35965}.Debug|x86.Build.0 = Debug|Win32
		{47C1C09E-C78B-43B4-B05F-0C50B7A35965}.Release|x64.ActiveCfg = Release|x64
		{47C1C09E-C78B-43B4-B05F-0C50B7A35965}.Release|x64.Build.0 = Release|x64
		{47C1C09E-C78B-43B4-B05F-0C50B7A35965}.Release|x86.ActiveCfg = Release|Win32
		{47C1C09E-C78B-43B4-B05F-0C50B7A35965}.Release|x86.Build.0 = Release|Win32
	EndGlobalSection
	GlobalSection(SolutionProperties) = preSolution
		HideSolutionNode = FALSE
	EndGlobalSection
	GlobalSection(ExtensibilityGlobals) = postSolution
		SolutionGuid = {DBB97DB0-74CA-4036-9C97-990672AB0672}
	EndGlobalSection
EndGlobal
